
Microsoft Visual Studio Solution File, Format Version 12.00
# Visual Studio Version 16
VisualStudioVersion = 16.0.30621.155
MinimumVisualStudioVersion = 10.0.40219.1
Project("{FAE04EC0-301F-11D3-BF4B-00C04F79EFBC}") = "KCPAdvantageCart", "KCPAdvantageCart\KCPAdvantageCart.csproj", "{35801ADD-E515-48AE-AFA8-077A67C2D37F}"
EndProject
Project("{FAE04EC0-301F-11D3-BF4B-00C04F79EFBC}") = "KCPAdvantageModel", "KCPAdvantageModel\KCPAdvantageModel.csproj", "{A1F4F776-3F75-4192-93F5-6BF2316817C0}"
EndProject
Global
	GlobalSection(SolutionConfigurationPlatforms) = preSolution
		Debug|Any CPU = Debug|Any CPU
		Release|Any CPU = Release|Any CPU
	EndGlobalSection
	GlobalSection(ProjectConfigurationPlatforms) = postSolution
		{35801ADD-E515-48AE-AFA8-077A67C2D37F}.Debug|Any CPU.ActiveCfg = Debug|Any CPU
		{35801ADD-E515-48AE-AFA8-077A67C2D37F}.Debug|Any CPU.Build.0 = Debug|Any CPU
		{35801ADD-E515-48AE-AFA8-077A67C2D37F}.Release|Any CPU.ActiveCfg = Release|Any CPU
		{35801ADD-E515-48AE-AFA8-077A67C2D37F}.Release|Any CPU.Build.0 = Release|Any CPU
		{A1F4F776-3F75-4192-93F5-6BF2316817C0}.Debug|Any CPU.ActiveCfg = Debug|Any CPU
		{A1F4F776-3F75-4192-93F5-6BF2316817C0}.Debug|Any CPU.Build.0 = Debug|Any CPU
		{A1F4F776-3F75-4192-93F5-6BF2316817C0}.Release|Any CPU.ActiveCfg = Release|Any CPU
		{A1F4F776-3F75-4192-93F5-6BF2316817C0}.Release|Any CPU.Build.0 = Release|Any CPU
	EndGlobalSection
	GlobalSection(SolutionProperties) = preSolution
		HideSolutionNode = FALSE
	EndGlobalSection
	GlobalSection(ExtensibilityGlobals) = postSolution
		SolutionGuid = {10415DE6-1D05-4520-BB4F-1523BFC94260}
	EndGlobalSection
EndGlobal
